// !$*UTF8*$!
{
	archiveVersion = 1;
	classes = {
	};
	objectVersion = 46;
	objects = {

/* Begin PBXBuildFile section */
		022E1A1419DB3E9500BDF309 /* AppDelegate.swift in Sources */ = {isa = PBXBuildFile; fileRef = 022E1A1319DB3E9500BDF309 /* AppDelegate.swift */; };
		022E1A1619DB3E9500BDF309 /* ViewController.swift in Sources */ = {isa = PBXBuildFile; fileRef = 022E1A1519DB3E9500BDF309 /* ViewController.swift */; };
		022E1A1919DB3E9500BDF309 /* Main.storyboard in Resources */ = {isa = PBXBuildFile; fileRef = 022E1A1719DB3E9500BDF309 /* Main.storyboard */; };
		022E1A1B19DB3E9500BDF309 /* Images.xcassets in Resources */ = {isa = PBXBuildFile; fileRef = 022E1A1A19DB3E9500BDF309 /* Images.xcassets */; };
		022E1A1E19DB3E9500BDF309 /* LaunchScreen.xib in Resources */ = {isa = PBXBuildFile; fileRef = 022E1A1C19DB3E9500BDF309 /* LaunchScreen.xib */; };
		022E1A2A19DB3E9500BDF309 /* thinkful_u2_l2Tests.swift in Sources */ = {isa = PBXBuildFile; fileRef = 022E1A2919DB3E9500BDF309 /* thinkful_u2_l2Tests.swift */; };
/* End PBXBuildFile section */

/* Begin PBXContainerItemProxy section */
		022E1A2419DB3E9500BDF309 /* PBXContainerItemProxy */ = {
			isa = PBXContainerItemProxy;
			containerPortal = 022E1A0619DB3E9500BDF309 /* Project object */;
			proxyType = 1;
			remoteGlobalIDString = 022E1A0D19DB3E9500BDF309;
			remoteInfo = "thinkful-u2-l2";
		};
/* End PBXContainerItemProxy section */

/* Begin PBXFileReference section */
		022E1A0E19DB3E9500BDF309 /* thinkful-u2-l2.app */ = {isa = PBXFileReference; explicitFileType = wrapper.application; includeInIndex = 0; path = "thinkful-u2-l2.app"; sourceTree = BUILT_PRODUCTS_DIR; };
		022E1A1219DB3E9500BDF309 /* Info.plist */ = {isa = PBXFileReference; lastKnownFileType = text.plist.xml; path = Info.plist; sourceTree = "<group>"; };
		022E1A1319DB3E9500BDF309 /* AppDelegate.swift */ = {isa = PBXFileReference; lastKnownFileType = sourcecode.swift; path = AppDelegate.swift; sourceTree = "<group>"; };
		022E1A1519DB3E9500BDF309 /* ViewController.swift */ = {isa = PBXFileReference; lastKnownFileType = sourcecode.swift; path = ViewController.swift; sourceTree = "<group>"; };
		022E1A1819DB3E9500BDF309 /* Base */ = {isa = PBXFileReference; lastKnownFileType = file.storyboard; name = Base; path = Base.lproj/Main.storyboard; sourceTree = "<group>"; };
		022E1A1A19DB3E9500BDF309 /* Images.xcassets */ = {isa = PBXFileReference; lastKnownFileType = folder.assetcatalog; path = Images.xcassets; sourceTree = "<group>"; };
		022E1A1D19DB3E9500BDF309 /* Base */ = {isa = PBXFileReference; lastKnownFileType = file.xib; name = Base; path = Base.lproj/LaunchScreen.xib; sourceTree = "<group>"; };
		022E1A2319DB3E9500BDF309 /* thinkful-u2-l2Tests.xctest */ = {isa = PBXFileReference; explicitFileType = wrapper.cfbundle; includeInIndex = 0; path = "thinkful-u2-l2Tests.xctest"; sourceTree = BUILT_PRODUCTS_DIR; };
		022E1A2819DB3E9500BDF309 /* Info.plist */ = {isa = PBXFileReference; lastKnownFileType = text.plist.xml; path = Info.plist; sourceTree = "<group>"; };
		022E1A2919DB3E9500BDF309 /* thinkful_u2_l2Tests.swift */ = {isa = PBXFileReference; lastKnownFileType = sourcecode.swift; path = thinkful_u2_l2Tests.swift; sourceTree = "<group>"; };
/* End PBXFileReference section */

/* Begin PBXFrameworksBuildPhase section */
		022E1A0B19DB3E9500BDF309 /* Frameworks */ = {
			isa = PBXFrameworksBuildPhase;
			buildActionMask = 2147483647;
			files = (
			);
			runOnlyForDeploymentPostprocessing = 0;
		};
		022E1A2019DB3E9500BDF309 /* Frameworks */ = {
			isa = PBXFrameworksBuildPhase;
			buildActionMask = 2147483647;
			files = (
			);
			runOnlyForDeploymentPostprocessing = 0;
		};
/* End PBXFrameworksBuildPhase section */

/* Begin PBXGroup section */
		022E1A0519DB3E9400BDF309 = {
			isa = PBXGroup;
			children = (
				022E1A1019DB3E9500BDF309 /* thinkful-u2-l2 */,
				022E1A2619DB3E9500BDF309 /* thinkful-u2-l2Tests */,
				022E1A0F19DB3E9500BDF309 /* Products */,
			);
			sourceTree = "<group>";
		};
		022E1A0F19DB3E9500BDF309 /* Products */ = {
			isa = PBXGroup;
			children = (
				022E1A0E19DB3E9500BDF309 /* thinkful-u2-l2.app */,
				022E1A2319DB3E9500BDF309 /* thinkful-u2-l2Tests.xctest */,
			);
			name = Products;
			sourceTree = "<group>";
		};
		022E1A1019DB3E9500BDF309 /* thinkful-u2-l2 */ = {
			isa = PBXGroup;
			children = (
				022E1A1319DB3E9500BDF309 /* AppDelegate.swift */,
				022E1A1519DB3E9500BDF309 /* ViewController.swift */,
				022E1A1719DB3E9500BDF309 /* Main.storyboard */,
				022E1A1A19DB3E9500BDF309 /* Images.xcassets */,
				022E1A1C19DB3E9500BDF309 /* LaunchScreen.xib */,
				022E1A1119DB3E9500BDF309 /* Supporting Files */,
			);
			path = "thinkful-u2-l2";
			sourceTree = "<group>";
		};
		022E1A1119DB3E9500BDF309 /* Supporting Files */ = {
			isa = PBXGroup;
			children = (
				022E1A1219DB3E9500BDF309 /* Info.plist */,
			);
			name = "Supporting Files";
			sourceTree = "<group>";
		};
		022E1A2619DB3E9500BDF309 /* thinkful-u2-l2Tests */ = {
			isa = PBXGroup;
			children = (
				022E1A2919DB3E9500BDF309 /* thinkful_u2_l2Tests.swift */,
				022E1A2719DB3E9500BDF309 /* Supporting Files */,
			);
			path = "thinkful-u2-l2Tests";
			sourceTree = "<group>";
		};
		022E1A2719DB3E9500BDF309 /* Supporting Files */ = {
			isa = PBXGroup;
			children = (
				022E1A2819DB3E9500BDF309 /* Info.plist */,
			);
			name = "Supporting Files";
			sourceTree = "<group>";
		};
/* End PBXGroup section */

/* Begin PBXNativeTarget section */
		022E1A0D19DB3E9500BDF309 /* thinkful-u2-l2 */ = {
			isa = PBXNativeTarget;
			buildConfigurationList = 022E1A2D19DB3E9500BDF309 /* Build configuration list for PBXNativeTarget "thinkful-u2-l2" */;
			buildPhases = (
				022E1A0A19DB3E9500BDF309 /* Sources */,
				022E1A0B19DB3E9500BDF309 /* Frameworks */,
				022E1A0C19DB3E9500BDF309 /* Resources */,
			);
			buildRules = (
			);
			dependencies = (
			);
			name = "thinkful-u2-l2";
			productName = "thinkful-u2-l2";
			productReference = 022E1A0E19DB3E9500BDF309 /* thinkful-u2-l2.app */;
			productType = "com.apple.product-type.application";
		};
		022E1A2219DB3E9500BDF309 /* thinkful-u2-l2Tests */ = {
			isa = PBXNativeTarget;
			buildConfigurationList = 022E1A3019DB3E9500BDF309 /* Build configuration list for PBXNativeTarget "thinkful-u2-l2Tests" */;
			buildPhases = (
				022E1A1F19DB3E9500BDF309 /* Sources */,
				022E1A2019DB3E9500BDF309 /* Frameworks */,
				022E1A2119DB3E9500BDF309 /* Resources */,
			);
			buildRules = (
			);
			dependencies = (
				022E1A2519DB3E9500BDF309 /* PBXTargetDependency */,
			);
			name = "thinkful-u2-l2Tests";
			productName = "thinkful-u2-l2Tests";
			productReference = 022E1A2319DB3E9500BDF309 /* thinkful-u2-l2Tests.xctest */;
			productType = "com.apple.product-type.bundle.unit-test";
		};
/* End PBXNativeTarget section */

/* Begin PBXProject section */
		022E1A0619DB3E9500BDF309 /* Project object */ = {
			isa = PBXProject;
			attributes = {
				LastUpgradeCheck = 0600;
				ORGANIZATIONNAME = "Miles Lasater";
				TargetAttributes = {
					022E1A0D19DB3E9500BDF309 = {
						CreatedOnToolsVersion = 6.0.1;
					};
					022E1A2219DB3E9500BDF309 = {
						CreatedOnToolsVersion = 6.0.1;
						TestTargetID = 022E1A0D19DB3E9500BDF309;
					};
				};
			};
			buildConfigurationList = 022E1A0919DB3E9500BDF309 /* Build configuration list for PBXProject "thinkful-u2-l2" */;
			compatibilityVersion = "Xcode 3.2";
			developmentRegion = English;
			hasScannedForEncodings = 0;
			knownRegions = (
				en,
				Base,
			);
			mainGroup = 022E1A0519DB3E9400BDF309;
			productRefGroup = 022E1A0F19DB3E9500BDF309 /* Products */;
			projectDirPath = "";
			projectRoot = "";
			targets = (
				022E1A0D19DB3E9500BDF309 /* thinkful-u2-l2 */,
				022E1A2219DB3E9500BDF309 /* thinkful-u2-l2Tests */,
			);
		};
/* End PBXProject section */

/* Begin PBXResourcesBuildPhase section */
		022E1A0C19DB3E9500BDF309 /* Resources */ = {
			isa = PBXResourcesBuildPhase;
			buildActionMask = 2147483647;
			files = (
				022E1A1919DB3E9500BDF309 /* Main.storyboard in Resources */,
				022E1A1E19DB3E9500BDF309 /* LaunchScreen.xib in Resources */,
				022E1A1B19DB3E9500BDF309 /* Images.xcassets in Resources */,
			);
			runOnlyForDeploymentPostprocessing = 0;
		};
		022E1A2119DB3E9500BDF309 /* Resources */ = {
			isa = PBXResourcesBuildPhase;
			buildActionMask = 2147483647;
			files = (
			);
			runOnlyForDeploymentPostprocessing = 0;
		};
/* End PBXResourcesBuildPhase section */

/* Begin PBXSourcesBuildPhase section */
		022E1A0A19DB3E9500BDF309 /* Sources */ = {
			isa = PBXSourcesBuildPhase;
			buildActionMask = 2147483647;
			files = (
				022E1A1619DB3E9500BDF309 /* ViewController.swift in Sources */,
				022E1A1419DB3E9500BDF309 /* AppDelegate.swift in Sources */,
			);
			runOnlyForDeploymentPostprocessing = 0;
		};
		022E1A1F19DB3E9500BDF309 /* Sources */ = {
			isa = PBXSourcesBuildPhase;
			buildActionMask = 2147483647;
			files = (
				022E1A2A19DB3E9500BDF309 /* thinkful_u2_l2Tests.swift in Sources */,
			);
			runOnlyForDeploymentPostprocessing = 0;
		};
/* End PBXSourcesBuildPhase section */

/* Begin PBXTargetDependency section */
		022E1A2519DB3E9500BDF309 /* PBXTargetDependency */ = {
			isa = PBXTargetDependency;
			target = 022E1A0D19DB3E9500BDF309 /* thinkful-u2-l2 */;
			targetProxy = 022E1A2419DB3E9500BDF309 /* PBXContainerItemProxy */;
		};
/* End PBXTargetDependency section */

/* Begin PBXVariantGroup section */
		022E1A1719DB3E9500BDF309 /* Main.storyboard */ = {
			isa = PBXVariantGroup;
			children = (
				022E1A1819DB3E9500BDF309 /* Base */,
			);
			name = Main.storyboard;
			sourceTree = "<group>";
		};
		022E1A1C19DB3E9500BDF309 /* LaunchScreen.xib */ = {
			isa = PBXVariantGroup;
			children = (
				022E1A1D19DB3E9500BDF309 /* Base */,
			);
			name = LaunchScreen.xib;
			sourceTree = "<group>";
		};
/* End PBXVariantGroup section */

/* Begin XCBuildConfiguration section */
		022E1A2B19DB3E9500BDF309 /* Debug */ = {
			isa = XCBuildConfiguration;
			buildSettings = {
				ALWAYS_SEARCH_USER_PATHS = NO;
				CLANG_CXX_LANGUAGE_STANDARD = "gnu++0x";
				CLANG_CXX_LIBRARY = "libc++";
				CLANG_ENABLE_MODULES = YES;
				CLANG_ENABLE_OBJC_ARC = YES;
				CLANG_WARN_BOOL_CONVERSION = YES;
				CLANG_WARN_CONSTANT_CONVERSION = YES;
				CLANG_WARN_DIRECT_OBJC_ISA_USAGE = YES_ERROR;
				CLANG_WARN_EMPTY_BODY = YES;
				CLANG_WARN_ENUM_CONVERSION = YES;
				CLANG_WARN_INT_CONVERSION = YES;
				CLANG_WARN_OBJC_ROOT_CLASS = YES_ERROR;
				CLANG_WARN_UNREACHABLE_CODE = YES;
				CLANG_WARN__DUPLICATE_METHOD_MATCH = YES;
				"CODE_SIGN_IDENTITY[sdk=iphoneos*]" = "iPhone Developer";
				COPY_PHASE_STRIP = NO;
				ENABLE_STRICT_OBJC_MSGSEND = YES;
				GCC_C_LANGUAGE_STANDARD = gnu99;
				GCC_DYNAMIC_NO_PIC = NO;
				GCC_OPTIMIZATION_LEVEL = 0;
				GCC_PREPROCESSOR_DEFINITIONS = (
					"DEBUG=1",
					"$(inherited)",
				);
				GCC_SYMBOLS_PRIVATE_EXTERN = NO;
				GCC_WARN_64_TO_32_BIT_CONVERSION = YES;
				GCC_WARN_ABOUT_RETURN_TYPE = YES_ERROR;
				GCC_WARN_UNDECLARED_SELECTOR = YES;
				GCC_WARN_UNINITIALIZED_AUTOS = YES_AGGRESSIVE;
				GCC_WARN_UNUSED_FUNCTION = YES;
				GCC_WARN_UNUSED_VARIABLE = YES;
				IPHONEOS_DEPLOYMENT_TARGET = 8.0;
				MTL_ENABLE_DEBUG_INFO = YES;
				ONLY_ACTIVE_ARCH = YES;
				SDKROOT = iphoneos;
				SWIFT_OPTIMIZATION_LEVEL = "-Onone";
				TARGETED_DEVICE_FAMILY = "1,2";
			};
			name = Debug;
		};
		022E1A2C19DB3E9500BDF309 /* Release */ = {
			isa = XCBuildConfiguration;
			buildSettings = {
				ALWAYS_SEARCH_USER_PATHS = NO;
				CLANG_CXX_LANGUAGE_STANDARD = "gnu++0x";
				CLANG_CXX_LIBRARY = "libc++";
				CLANG_ENABLE_MODULES = YES;
				CLANG_ENABLE_OBJC_ARC = YES;
				CLANG_WARN_BOOL_CONVERSION = YES;
				CLANG_WARN_CONSTANT_CONVERSION = YES;
				CLANG_WARN_DIRECT_OBJC_ISA_USAGE = YES_ERROR;
				CLANG_WARN_EMPTY_BODY = YES;
				CLANG_WARN_ENUM_CONVERSION = YES;
				CLANG_WARN_INT_CONVERSION = YES;
				CLANG_WARN_OBJC_ROOT_CLASS = YES_ERROR;
				CLANG_WARN_UNREACHABLE_CODE = YES;
				CLANG_WARN__DUPLICATE_METHOD_MATCH = YES;
				"CODE_SIGN_IDENTITY[sdk=iphoneos*]" = "iPhone Developer";
				COPY_PHASE_STRIP = YES;
				ENABLE_NS_ASSERTIONS = NO;
				ENABLE_STRICT_OBJC_MSGSEND = YES;
				GCC_C_LANGUAGE_STANDARD = gnu99;
				GCC_WARN_64_TO_32_BIT_CONVERSION = YES;
				GCC_WARN_ABOUT_RETURN_TYPE = YES_ERROR;
				GCC_WARN_UNDECLARED_SELECTOR = YES;
				GCC_WARN_UNINITIALIZED_AUTOS = YES_AGGRESSIVE;
				GCC_WARN_UNUSED_FUNCTION = YES;
				GCC_WARN_UNUSED_VARIABLE = YES;
				IPHONEOS_DEPLOYMENT_TARGET = 8.0;
				MTL_ENABLE_DEBUG_INFO = NO;
				SDKROOT = iphoneos;
				TARGETED_DEVICE_FAMILY = "1,2";
				VALIDATE_PRODUCT = YES;
			};
			name = Release;
		};
		022E1A2E19DB3E9500BDF309 /* Debug */ = {
			isa = XCBuildConfiguration;
			buildSettings = {
				ASSETCATALOG_COMPILER_APPICON_NAME = AppIcon;
				INFOPLIST_FILE = "thinkful-u2-l2/Info.plist";
				LD_RUNPATH_SEARCH_PATHS = "$(inherited) @executable_path/Frameworks";
				PRODUCT_NAME = "$(TARGET_NAME)";
			};
			name = Debug;
		};
		022E1A2F19DB3E9500BDF309 /* Release */ = {
			isa = XCBuildConfiguration;
			buildSettings = {
				ASSETCATALOG_COMPILER_APPICON_NAME = AppIcon;
				INFOPLIST_FILE = "thinkful-u2-l2/Info.plist";
				LD_RUNPATH_SEARCH_PATHS = "$(inherited) @executable_path/Frameworks";
				PRODUCT_NAME = "$(TARGET_NAME)";
			};
			name = Release;
		};
		022E1A3119DB3E9500BDF309 /* Debug */ = {
			isa = XCBuildConfiguration;
			buildSettings = {
				BUNDLE_LOADER = "$(TEST_HOST)";
				FRAMEWORK_SEARCH_PATHS = (
					"$(SDKROOT)/Developer/Library/Frameworks",
					"$(inherited)",
				);
				GCC_PREPROCESSOR_DEFINITIONS = (
					"DEBUG=1",
					"$(inherited)",
				);
				INFOPLIST_FILE = "thinkful-u2-l2Tests/Info.plist";
				LD_RUNPATH_SEARCH_PATHS = "$(inherited) @executable_path/Frameworks @loader_path/Frameworks";
				PRODUCT_NAME = "$(TARGET_NAME)";
				TEST_HOST = "$(BUILT_PRODUCTS_DIR)/thinkful-u2-l2.app/thinkful-u2-l2";
			};
			name = Debug;
		};
		022E1A3219DB3E9500BDF309 /* Release */ = {
			isa = XCBuildConfiguration;
			buildSettings = {
				BUNDLE_LOADER = "$(TEST_HOST)";
				FRAMEWORK_SEARCH_PATHS = (
					"$(SDKROOT)/Developer/Library/Frameworks",
					"$(inherited)",
				);
				INFOPLIST_FILE = "thinkful-u2-l2Tests/Info.plist";
				LD_RUNPATH_SEARCH_PATHS = "$(inherited) @executable_path/Frameworks @loader_path/Frameworks";
				PRODUCT_NAME = "$(TARGET_NAME)";
				TEST_HOST = "$(BUILT_PRODUCTS_DIR)/thinkful-u2-l2.app/thinkful-u2-l2";
			};
			name = Release;
		};
/* End XCBuildConfiguration section */

/* Begin XCConfigurationList section */
		022E1A0919DB3E9500BDF309 /* Build configuration list for PBXProject "thinkful-u2-l2" */ = {
			isa = XCConfigurationList;
			buildConfigurations = (
				022E1A2B19DB3E9500BDF309 /* Debug */,
				022E1A2C19DB3E9500BDF309 /* Release */,
			);
			defaultConfigurationIsVisible = 0;
			defaultConfigurationName = Release;
		};
		022E1A2D19DB3E9500BDF309 /* Build configuration list for PBXNativeTarget "thinkful-u2-l2" */ = {
			isa = XCConfigurationList;
			buildConfigurations = (
				022E1A2E19DB3E9500BDF309 /* Debug */,
				022E1A2F19DB3E9500BDF309 /* Release */,
			);
			defaultConfigurationIsVisible = 0;
		};
		022E1A3019DB3E9500BDF309 /* Build configuration list for PBXNativeTarget "thinkful-u2-l2Tests" */ = {
			isa = XCConfigurationList;
			buildConfigurations = (
				022E1A3119DB3E9500BDF309 /* Debug */,
				022E1A3219DB3E9500BDF309 /* Release */,
			);
			defaultConfigurationIsVisible = 0;
		};
/* End XCConfigurationList section */
	};
	rootObject = 022E1A0619DB3E9500BDF309 /* Project object */;
}
